
Microsoft Visual Studio Solution File, Format Version 12.00
# Visual Studio Version 16
VisualStudioVersion = 16.0.30804.86
MinimumVisualStudioVersion = 10.0.40219.1
Project("{FAE04EC0-301F-11D3-BF4B-00C04F79EFBC}") = "TheCommandPatterns", "TheCommandPatterns\TheCommandPatterns.csproj", "{8848ABA4-95F6-4B3F-8DAF-34B75A1C47C3}"
EndProject
Global
	GlobalSection(SolutionConfigurationPlatforms) = preSolution
		Debug|Any CPU = Debug|Any CPU
		Release|Any CPU = Release|Any CPU
	EndGlobalSection
	GlobalSection(ProjectConfigurationPlatforms) = postSolution
		{8848ABA4-95F6-4B3F-8DAF-34B75A1C47C3}.Debug|Any CPU.ActiveCfg = Debug|Any CPU
		{8848ABA4-95F6-4B3F-8DAF-34B75A1C47C3}.Debug|Any CPU.Build.0 = Debug|Any CPU
		{8848ABA4-95F6-4B3F-8DAF-34B75A1C47C3}.Release|Any CPU.ActiveCfg = Release|Any CPU
		{8848ABA4-95F6-4B3F-8DAF-34B75A1C47C3}.Release|Any CPU.Build.0 = Release|Any CPU
	EndGlobalSection
	GlobalSection(SolutionProperties) = preSolution
		HideSolutionNode = FALSE
	EndGlobalSection
	GlobalSection(ExtensibilityGlobals) = postSolution
		SolutionGuid = {E6838082-B3FD-4CE3-B8A1-5B5BC5A34354}
	EndGlobalSection
EndGlobal
